{
  "lockfile_version": "1",
  "packages": {
    "expect@latest": {
      "last_modified": "2025-05-16T20:19:48Z",
      "resolved": "github:NixOS/nixpkgs/12a55407652e04dcf2309436eb06fef0d3713ef3#expect",
      "source": "devbox-search",
      "version": "5.45.4",
      "systems": {
        "aarch64-darwin": {
          "outputs": [
            {
              "name": "out",
              "path": "/nix/store/m4zpi7vxg788vqjrmkynivnacf73wy01-expect-5.45.4",
              "default": true
            },
            {
              "name": "dev",
              "path": "/nix/store/w7d1nv65h14ldb6yznqwizwgmp1d7z15-expect-5.45.4-dev"
            }
          ],
          "store_path": "/nix/store/m4zpi7vxg788vqjrmkynivnacf73wy01-expect-5.45.4"
        },
        "aarch64-linux": {
          "outputs": [
            {
              "name": "out",
              "path": "/nix/store/6k6mxi4ngj5mbpazbmyzp3h90k34p0v2-expect-5.45.4",
              "default": true
            },
            {
              "name": "dev",
              "path": "/nix/store/09qywcjy2h94vq6zq50v8q2grqd8lnjd-expect-5.45.4-dev"
            }
          ],
          "store_path": "/nix/store/6k6mxi4ngj5mbpazbmyzp3h90k34p0v2-expect-5.45.4"
        },
        "x86_64-darwin": {
          "outputs": [
            {
              "name": "out",
              "path": "/nix/store/m67yvcr3zn5pyn1a34ix4i3lg4hgi7n1-expect-5.45.4",
              "default": true
            },
            {
              "name": "dev",
              "path": "/nix/store/a2gkydg3wkwb7y5w7rj850w13dn51v84-expect-5.45.4-dev"
            }
          ],
          "store_path": "/nix/store/m67yvcr3zn5pyn1a34ix4i3lg4hgi7n1-expect-5.45.4"
        },
        "x86_64-linux": {
          "outputs": [
            {
              "name": "out",
              "path": "/nix/store/5s1jxww69als08sj7r4xr56wldp3vd4l-expect-5.45.4",
              "default": true
            },
            {
              "name": "dev",
              "path": "/nix/store/pa5aj2i114j0jn53sb4cn4xqa4cvbsbv-expect-5.45.4-dev"
            }
          ],
          "store_path": "/nix/store/5s1jxww69als08sj7r4xr56wldp3vd4l-expect-5.45.4"
        }
      }
    },
    "github:NixOS/nixpkgs/nixpkgs-unstable": {
      "last_modified": "2025-05-29T08:12:58Z",
      "resolved": "github:NixOS/nixpkgs/3866ad91cfc172f08a6839def503d8fc2923c603?lastModified=1748506378&narHash=sha256-oS0Gxh63Df8b8r04lqEYDDLKhHIrVr9%2FJLOn2bn8JaI%3D"
    },
    "gnumake@latest": {
      "last_modified": "2025-05-29T08:12:58Z",
      "resolved": "github:NixOS/nixpkgs/3866ad91cfc172f08a6839def503d8fc2923c603#gnumake",
      "source": "devbox-search",
      "version": "4.4.1",
      "systems": {
        "aarch64-darwin": {
          "outputs": [
            {
              "name": "out",
              "path": "/nix/store/wkq7f52a2xq4n24f545wy2fidm4z14f2-gnumake-4.4.1",
              "default": true
            },
            {
              "name": "man",
              "path": "/nix/store/x59n9rzr26vf9cr0aapfakhrqhg7vy18-gnumake-4.4.1-man",
              "default": true
            },
            {
              "name": "info",
              "path": "/nix/store/4ykdx0lpl2dn8knnab0bap11prr7zzky-gnumake-4.4.1-info"
            }
          ],
          "store_path": "/nix/store/wkq7f52a2xq4n24f545wy2fidm4z14f2-gnumake-4.4.1"
        },
        "aarch64-linux": {
          "outputs": [
            {
              "name": "out",
              "path": "/nix/store/946sh8bs8hrlrb4jhwxqzllr37zb2q0y-gnumake-4.4.1",
              "default": true
            },
            {
              "name": "man",
              "path": "/nix/store/f6b4ph7wflz6ylw3lylbiqrr72xs9jw5-gnumake-4.4.1-man",
              "default": true
            },
            {
              "name": "info",
              "path": "/nix/store/8wcb953rsjvp2ybi7iig6hjls48w87dj-gnumake-4.4.1-info"
            },
            {
              "name": "debug",
              "path": "/nix/store/wwhf09gg8ddpl4c6mx70pk3r3a6qx95r-gnumake-4.4.1-debug"
            }
          ],
          "store_path": "/nix/store/946sh8bs8hrlrb4jhwxqzllr37zb2q0y-gnumake-4.4.1"
        },
        "x86_64-darwin": {
          "outputs": [
            {
              "name": "out",
              "path": "/nix/store/1fd85ai3984ah9cy31c7m1fn6i2mm66s-gnumake-4.4.1",
              "default": true
            },
            {
              "name": "man",
              "path": "/nix/store/22x6iviphcn6zlbvhihbvws00iavf9aj-gnumake-4.4.1-man",
              "default": true
            },
            {
              "name": "info",
              "path": "/nix/store/14vf2zb0z70c67k2nzyqaz8b9rfjy73r-gnumake-4.4.1-info"
            }
          ],
          "store_path": "/nix/store/1fd85ai3984ah9cy31c7m1fn6i2mm66s-gnumake-4.4.1"
        },
        "x86_64-linux": {
          "outputs": [
            {
              "name": "out",
              "path": "/nix/store/p7z72c2s722pbw31jmm3y0nwypksb5fj-gnumake-4.4.1",
              "default": true
            },
            {
              "name": "man",
              "path": "/nix/store/5g01b5r1dbk91kwy4jld5vc1asy0mir4-gnumake-4.4.1-man",
              "default": true
            },
            {
              "name": "debug",
              "path": "/nix/store/c59bxh8h9rnpp3l7y8i8zirpvp703z8w-gnumake-4.4.1-debug"
            },
            {
              "name": "info",
              "path": "/nix/store/xqygkvkp7cghyk66aivysnr88q24dsms-gnumake-4.4.1-info"
            }
          ],
          "store_path": "/nix/store/p7z72c2s722pbw31jmm3y0nwypksb5fj-gnumake-4.4.1"
        }
      }
    },
    "gnupg@latest": {
      "last_modified": "2025-05-16T20:19:48Z",
      "resolved": "github:NixOS/nixpkgs/12a55407652e04dcf2309436eb06fef0d3713ef3#gnupg",
      "source": "devbox-search",
      "version": "2.4.7",
      "systems": {
        "aarch64-darwin": {
          "outputs": [
            {
              "name": "out",
              "path": "/nix/store/ixxj0797zh8hylvsjrk6mbsm1pb55y6c-gnupg-2.4.7",
              "default": true
            }
          ],
          "store_path": "/nix/store/ixxj0797zh8hylvsjrk6mbsm1pb55y6c-gnupg-2.4.7"
        },
        "aarch64-linux": {
          "outputs": [
            {
              "name": "out",
              "path": "/nix/store/7sabm0ks2csrhcfrgabmhxlxpxsbyhm2-gnupg-2.4.7",
              "default": true
            }
          ],
          "store_path": "/nix/store/7sabm0ks2csrhcfrgabmhxlxpxsbyhm2-gnupg-2.4.7"
        },
        "x86_64-darwin": {
          "outputs": [
            {
              "name": "out",
              "path": "/nix/store/viw9i2i7lvh9lvr903la1x1s52rxa30i-gnupg-2.4.7",
              "default": true
            }
          ],
          "store_path": "/nix/store/viw9i2i7lvh9lvr903la1x1s52rxa30i-gnupg-2.4.7"
        },
        "x86_64-linux": {
          "outputs": [
            {
              "name": "out",
              "path": "/nix/store/zf12chbmsxmkidrgafqwf8pw4ldlpdch-gnupg-2.4.7",
              "default": true
            }
          ],
          "store_path": "/nix/store/zf12chbmsxmkidrgafqwf8pw4ldlpdch-gnupg-2.4.7"
        }
      }
    },
    "libvirt@latest": {
      "last_modified": "2025-05-28T23:33:38Z",
      "resolved": "github:NixOS/nixpkgs/e80506de785dc48dcfbb636c443c5e2b0b5b2d7d#libvirt",
      "source": "devbox-search",
      "version": "11.0.0",
      "systems": {
        "aarch64-darwin": {
          "outputs": [
            {
              "name": "out",
              "path": "/nix/store/lxbjgs1n79m22kwdpd3405vaa4i7w7sh-libvirt-11.0.0",
              "default": true
            }
          ],
          "store_path": "/nix/store/lxbjgs1n79m22kwdpd3405vaa4i7w7sh-libvirt-11.0.0"
        },
        "aarch64-linux": {
          "outputs": [
            {
              "name": "out",
              "path": "/nix/store/282x5590fsl5zrb1zzjvar0blbvlkrb7-libvirt-11.0.0",
              "default": true
            }
          ],
          "store_path": "/nix/store/282x5590fsl5zrb1zzjvar0blbvlkrb7-libvirt-11.0.0"
        },
        "x86_64-darwin": {
          "outputs": [
            {
              "name": "out",
              "path": "/nix/store/16rpz051lr51grc6cpvv3laj09ilx9wg-libvirt-11.0.0",
              "default": true
            }
          ],
          "store_path": "/nix/store/16rpz051lr51grc6cpvv3laj09ilx9wg-libvirt-11.0.0"
        },
        "x86_64-linux": {
          "outputs": [
            {
              "name": "out",
              "path": "/nix/store/7c6rsldd93zy9f2ksxaqifqgrkbkz7ax-libvirt-11.0.0",
              "default": true
            }
          ],
          "store_path": "/nix/store/7c6rsldd93zy9f2ksxaqifqgrkbkz7ax-libvirt-11.0.0"
        }
      }
    },
    "networkmanager@latest": {
      "last_modified": "2025-05-29T08:12:58Z",
      "resolved": "github:NixOS/nixpkgs/3866ad91cfc172f08a6839def503d8fc2923c603#networkmanager",
      "source": "devbox-search",
      "version": "1.52.0",
      "systems": {
        "aarch64-linux": {
          "outputs": [
            {
              "name": "out",
              "path": "/nix/store/l39kafbpv8wmkqi8v3ssg1zps7vh25w5-networkmanager-1.52.0",
              "default": true
            },
            {
              "name": "man",
              "path": "/nix/store/ykp0mfffrnqz97qwab80s3k74pmzvfxp-networkmanager-1.52.0-man",
              "default": true
            },
            {
              "name": "dev",
              "path": "/nix/store/64w1mz99n7s40s58z29rvimb609cp0n0-networkmanager-1.52.0-dev"
            },
            {
              "name": "devdoc",
              "path": "/nix/store/0z7fl4ja3qd93zpnhyrw9yf7fvmyyjln-networkmanager-1.52.0-devdoc"
            },
            {
              "name": "doc",
              "path": "/nix/store/gw9vhxc0qdffvfvrxzbipb2lyj7dnzql-networkmanager-1.52.0-doc"
            }
          ],
          "store_path": "/nix/store/l39kafbpv8wmkqi8v3ssg1zps7vh25w5-networkmanager-1.52.0"
        },
        "x86_64-linux": {
          "outputs": [
            {
              "name": "out",
              "path": "/nix/store/4jwa8pq2vi8cbng30rvcjj4ry6xvpghn-networkmanager-1.52.0",
              "default": true
            },
            {
              "name": "man",
              "path": "/nix/store/dqw1wcvldv3mc8fb2y1fwsyw3w6xkdn1-networkmanager-1.52.0-man",
              "default": true
            },
            {
              "name": "doc",
              "path": "/nix/store/yr0a6css03y50iwkfdyqrhwzjbd76ixj-networkmanager-1.52.0-doc"
            },
            {
              "name": "dev",
              "path": "/nix/store/jdv3zrlsvf6pnlmgrn2spjpwlbys28ai-networkmanager-1.52.0-dev"
            },
            {
              "name": "devdoc",
              "path": "/nix/store/n4za9v9br8b9lj9hcyaaiihsi1y1prgq-networkmanager-1.52.0-devdoc"
            }
          ],
          "store_path": "/nix/store/4jwa8pq2vi8cbng30rvcjj4ry6xvpghn-networkmanager-1.52.0"
        }
      }
    },
    "poetry@latest": {
      "last_modified": "2025-05-16T20:19:48Z",
      "plugin_version": "0.0.4",
      "resolved": "github:NixOS/nixpkgs/12a55407652e04dcf2309436eb06fef0d3713ef3#poetry",
      "source": "devbox-search",
      "version": "2.1.3",
      "systems": {
        "aarch64-darwin": {
          "outputs": [
            {
              "name": "out",
              "path": "/nix/store/k88mnd9q9dm3zrk1zb69j6jdyz6bk828-python3.12-poetry-2.1.3",
              "default": true
            },
            {
              "name": "dist",
              "path": "/nix/store/rim69jpxg54415838qcfjmpm0q4w8z5j-python3.12-poetry-2.1.3-dist"
            }
          ],
          "store_path": "/nix/store/k88mnd9q9dm3zrk1zb69j6jdyz6bk828-python3.12-poetry-2.1.3"
        },
        "aarch64-linux": {
          "outputs": [
            {
              "name": "out",
              "path": "/nix/store/hzfm7mrx0i50k36ir02l58q3wia4girg-python3.12-poetry-2.1.3",
              "default": true
            },
            {
              "name": "dist",
              "path": "/nix/store/yrp5jw81c7pzx8xhcb2r4iwmpv27il1h-python3.12-poetry-2.1.3-dist"
            }
          ],
          "store_path": "/nix/store/hzfm7mrx0i50k36ir02l58q3wia4girg-python3.12-poetry-2.1.3"
        },
        "x86_64-darwin": {
          "outputs": [
            {
              "name": "out",
              "path": "/nix/store/ngj8ljgrwjx4dipnpm7ayiaxz82ym4mr-python3.12-poetry-2.1.3",
              "default": true
            },
            {
              "name": "dist",
              "path": "/nix/store/55pi42ljqw9qn6472m2b7qpv0689y2pj-python3.12-poetry-2.1.3-dist"
            }
          ],
          "store_path": "/nix/store/ngj8ljgrwjx4dipnpm7ayiaxz82ym4mr-python3.12-poetry-2.1.3"
        },
        "x86_64-linux": {
          "outputs": [
            {
              "name": "out",
              "path": "/nix/store/iba3xhlw8kj868lxmh2x5ryjl6j3gsys-python3.12-poetry-2.1.3",
              "default": true
            },
            {
              "name": "dist",
              "path": "/nix/store/7wpzxpwzz5vsg20k7x1j2bbhls95h52z-python3.12-poetry-2.1.3-dist"
            }
          ],
          "store_path": "/nix/store/iba3xhlw8kj868lxmh2x5ryjl6j3gsys-python3.12-poetry-2.1.3"
        }
      }
    },
    "poetryPlugins.poetry-plugin-export@latest": {
      "last_modified": "2025-05-16T20:19:48Z",
      "resolved": "github:NixOS/nixpkgs/12a55407652e04dcf2309436eb06fef0d3713ef3#poetryPlugins.poetry-plugin-export",
      "source": "devbox-search",
      "version": "1.9.0",
      "systems": {
        "aarch64-darwin": {
          "outputs": [
            {
              "name": "out",
              "path": "/nix/store/wamlx8jyqlnq8ww7lv5rsmq7ipcxq20f-python3.12-poetry-plugin-export-1.9.0",
              "default": true
            },
            {
              "name": "dist",
              "path": "/nix/store/c733wn87il7qfnkk5vyd2kipcqgimizc-python3.12-poetry-plugin-export-1.9.0-dist"
            }
          ],
          "store_path": "/nix/store/wamlx8jyqlnq8ww7lv5rsmq7ipcxq20f-python3.12-poetry-plugin-export-1.9.0"
        },
        "aarch64-linux": {
          "outputs": [
            {
              "name": "out",
              "path": "/nix/store/lw45pql2j3lybszqricvlvxjfil6i38b-python3.12-poetry-plugin-export-1.9.0",
              "default": true
            },
            {
              "name": "dist",
              "path": "/nix/store/chjzvam6y4s5bs5gh0g6ivxlrrqir56a-python3.12-poetry-plugin-export-1.9.0-dist"
            }
          ],
          "store_path": "/nix/store/lw45pql2j3lybszqricvlvxjfil6i38b-python3.12-poetry-plugin-export-1.9.0"
        },
        "x86_64-darwin": {
          "outputs": [
            {
              "name": "out",
              "path": "/nix/store/r5zk52qjisjig1klfzwzv2dvhnqdva6a-python3.12-poetry-plugin-export-1.9.0",
              "default": true
            },
            {
              "name": "dist",
              "path": "/nix/store/xb70likav132hmk9i8gs4l3qrhfzh0hj-python3.12-poetry-plugin-export-1.9.0-dist"
            }
          ],
          "store_path": "/nix/store/r5zk52qjisjig1klfzwzv2dvhnqdva6a-python3.12-poetry-plugin-export-1.9.0"
        },
        "x86_64-linux": {
          "outputs": [
            {
              "name": "out",
              "path": "/nix/store/na625jy1vnjb37w5dv0i9rb05x7rny42-python3.12-poetry-plugin-export-1.9.0",
              "default": true
            },
            {
              "name": "dist",
              "path": "/nix/store/5xxwcj3fnz6p9f59azs5hkzijl25vh1h-python3.12-poetry-plugin-export-1.9.0-dist"
            }
          ],
          "store_path": "/nix/store/na625jy1vnjb37w5dv0i9rb05x7rny42-python3.12-poetry-plugin-export-1.9.0"
        }
      }
    },
    "python311Packages.ansible-lint@latest": {
      "last_modified": "2023-05-15T11:50:13Z",
      "resolved": "github:NixOS/nixpkgs/363465f8f9d3b335f9ddb86a895023974d678a9d#python311Packages.ansible-lint",
      "source": "devbox-search",
      "version": "6.15.0",
      "systems": {
        "aarch64-darwin": {
          "outputs": [
            {
              "name": "out",
              "path": "/nix/store/lrjzsv8xlksbgdizkxhnw0hndzh2zz21-python3.11-ansible-lint-6.15.0",
              "default": true
            },
            {
              "name": "dist",
              "path": "/nix/store/mkfxi3ifzfsw26xx1vv1z9kyhfa07bcx-python3.11-ansible-lint-6.15.0-dist"
            }
          ],
          "store_path": "/nix/store/lrjzsv8xlksbgdizkxhnw0hndzh2zz21-python3.11-ansible-lint-6.15.0"
        },
        "aarch64-linux": {
          "outputs": [
            {
              "name": "out",
              "path": "/nix/store/n17asna09wj7vvi2mv360s9zrmkd4q20-python3.11-ansible-lint-6.15.0",
              "default": true
            },
            {
              "name": "dist",
              "path": "/nix/store/2kx6fycc83byd980ns515zkw11vxn2bp-python3.11-ansible-lint-6.15.0-dist"
            }
          ],
          "store_path": "/nix/store/n17asna09wj7vvi2mv360s9zrmkd4q20-python3.11-ansible-lint-6.15.0"
        },
        "x86_64-darwin": {
          "outputs": [
            {
              "name": "out",
              "path": "/nix/store/ixw1h2nvh7ac7lz879bbjcrfvnbzdvvc-python3.11-ansible-lint-6.15.0",
              "default": true
            },
            {
              "name": "dist",
              "path": "/nix/store/vv4vn28di7ynks42asxk614gqvifa9ix-python3.11-ansible-lint-6.15.0-dist"
            }
          ],
          "store_path": "/nix/store/ixw1h2nvh7ac7lz879bbjcrfvnbzdvvc-python3.11-ansible-lint-6.15.0"
        },
        "x86_64-linux": {
          "outputs": [
            {
              "name": "out",
              "path": "/nix/store/2carvzfc8mdl51p3plaz1vxknpczii5x-python3.11-ansible-lint-6.15.0",
              "default": true
            },
            {
              "name": "dist",
              "path": "/nix/store/wwaf6imyd1s36xz9gfk8j3x107mr4iw8-python3.11-ansible-lint-6.15.0-dist"
            }
          ],
          "store_path": "/nix/store/2carvzfc8mdl51p3plaz1vxknpczii5x-python3.11-ansible-lint-6.15.0"
        }
      }
    },
    "python311Packages.ansible@latest": {
      "last_modified": "2024-12-17T11:43:56Z",
      "resolved": "github:NixOS/nixpkgs/4989a246d7a390a859852baddb1013f825435cee#python311Packages.ansible",
      "source": "devbox-search",
      "version": "10.4.0",
      "systems": {
        "aarch64-darwin": {
          "outputs": [
            {
              "name": "out",
              "path": "/nix/store/yscjsd589fnb8mzggmzcaglywi6h5hcw-python3.11-ansible-10.4.0",
              "default": true
            },
            {
              "name": "dist",
              "path": "/nix/store/641pdc31z5rjh45i270c99xxq4k1bd05-python3.11-ansible-10.4.0-dist"
            }
          ],
          "store_path": "/nix/store/yscjsd589fnb8mzggmzcaglywi6h5hcw-python3.11-ansible-10.4.0"
        },
        "aarch64-linux": {
          "outputs": [
            {
              "name": "out",
              "path": "/nix/store/1qf9fmcvqgdsib5d238n2iqsvxbhk21c-python3.11-ansible-10.4.0",
              "default": true
            },
            {
              "name": "dist",
              "path": "/nix/store/41ylppgg5j81q7588c5qmqss84hdwck9-python3.11-ansible-10.4.0-dist"
            }
          ],
          "store_path": "/nix/store/1qf9fmcvqgdsib5d238n2iqsvxbhk21c-python3.11-ansible-10.4.0"
        },
        "x86_64-darwin": {
          "outputs": [
            {
              "name": "out",
              "path": "/nix/store/2y3af4gi6jjxcfcwxxjzf5ndsxmxdva7-python3.11-ansible-10.4.0",
              "default": true
            },
            {
              "name": "dist",
              "path": "/nix/store/y9301jl4va9xm0qih1xr3jvjdq4c3h7f-python3.11-ansible-10.4.0-dist"
            }
          ],
          "store_path": "/nix/store/2y3af4gi6jjxcfcwxxjzf5ndsxmxdva7-python3.11-ansible-10.4.0"
        },
        "x86_64-linux": {
          "outputs": [
            {
              "name": "out",
              "path": "/nix/store/89g83zrs79ppjfkvklvxg2dcn237awkh-python3.11-ansible-10.4.0",
              "default": true
            },
            {
              "name": "dist",
              "path": "/nix/store/c315q2a6q96zfbvhhyiyvfag06fdy6an-python3.11-ansible-10.4.0-dist"
            }
          ],
          "store_path": "/nix/store/89g83zrs79ppjfkvklvxg2dcn237awkh-python3.11-ansible-10.4.0"
        }
      }
    },
    "python311Packages.libvirt": {
      "resolved": "github:NixOS/nixpkgs/b1bebd0fe266bbd1820019612ead889e96a8fa2d?narHash=sha256-MmJvj6mlWzeRwKGLcwmZpKaOPZ5nJb%2F6al5CXqJsgjo%3D#python311Packages.libvirt",
      "source": "nixpkg",
      "systems": {
        "x86_64-linux": {
          "outputs": [
            {
              "path": "/nix/store/xvwl0k0d1s2bp94ndwi9nihm62jvdg0w-python3.11-libvirt-11.0.0",
              "default": true
            }
          ]
        }
      }
    },
    "python311Packages.lxml@latest": {
      "last_modified": "2024-12-03T12:40:06Z",
      "resolved": "github:NixOS/nixpkgs/566e53c2ad750c84f6d31f9ccb9d00f823165550#python311Packages.lxml",
      "source": "devbox-search",
      "version": "5.3.0",
      "systems": {
        "aarch64-darwin": {
          "outputs": [
            {
              "name": "out",
              "path": "/nix/store/wag7vf24vvn837rxmmb76xnynzdc6cwp-python3.11-lxml-5.3.0",
              "default": true
            },
            {
              "name": "dist",
              "path": "/nix/store/b5w1phds46vhgnab8xp576v8c3fs78f8-python3.11-lxml-5.3.0-dist"
            }
          ],
          "store_path": "/nix/store/wag7vf24vvn837rxmmb76xnynzdc6cwp-python3.11-lxml-5.3.0"
        },
        "aarch64-linux": {
          "outputs": [
            {
              "name": "out",
              "path": "/nix/store/w2b7dg16chlmhzil3540jhwxa94z8i0s-python3.11-lxml-5.3.0",
              "default": true
            },
            {
              "name": "dist",
              "path": "/nix/store/ixv8imrq3wl2dsdh3y7b4ak1j4yi2684-python3.11-lxml-5.3.0-dist"
            }
          ],
          "store_path": "/nix/store/w2b7dg16chlmhzil3540jhwxa94z8i0s-python3.11-lxml-5.3.0"
        },
        "x86_64-darwin": {
          "outputs": [
            {
              "name": "out",
              "path": "/nix/store/iag9x5gcq7jigpsyi0nc4ljiild20xxd-python3.11-lxml-5.3.0",
              "default": true
            },
            {
              "name": "dist",
              "path": "/nix/store/qqcp05szhlmyqj0s57jlqvlr4gcmlv8f-python3.11-lxml-5.3.0-dist"
            }
          ],
          "store_path": "/nix/store/iag9x5gcq7jigpsyi0nc4ljiild20xxd-python3.11-lxml-5.3.0"
        },
        "x86_64-linux": {
          "outputs": [
            {
              "name": "out",
              "path": "/nix/store/dji8r8g951lh2q1xw70zwy8vkvrilq60-python3.11-lxml-5.3.0",
              "default": true
            },
            {
              "name": "dist",
              "path": "/nix/store/b383sghnckfyczyx0wgdqmll5dqn71k8-python3.11-lxml-5.3.0-dist"
            }
          ],
          "store_path": "/nix/store/dji8r8g951lh2q1xw70zwy8vkvrilq60-python3.11-lxml-5.3.0"
        }
      }
    },
    "python311Packages.molecule@latest": {
      "last_modified": "2024-12-17T11:43:56Z",
      "resolved": "github:NixOS/nixpkgs/4989a246d7a390a859852baddb1013f825435cee#python311Packages.molecule",
      "source": "devbox-search",
      "version": "24.12.0",
      "systems": {
        "aarch64-darwin": {
          "outputs": [
            {
              "name": "out",
              "path": "/nix/store/wknd1cwadksyl4xj1bwh3bqx7x0mcrv3-python3.11-molecule-24.12.0",
              "default": true
            },
            {
              "name": "dist",
              "path": "/nix/store/ncn3nlrcrd8gh87w957b3xd22d870i33-python3.11-molecule-24.12.0-dist"
            }
          ],
          "store_path": "/nix/store/wknd1cwadksyl4xj1bwh3bqx7x0mcrv3-python3.11-molecule-24.12.0"
        },
        "aarch64-linux": {
          "outputs": [
            {
              "name": "out",
              "path": "/nix/store/aiv2pj50xs5w2vcm75v0ikglqn7ag0wk-python3.11-molecule-24.12.0",
              "default": true
            },
            {
              "name": "dist",
              "path": "/nix/store/szb8a05m9i2h4hrgcbbygiayfapb7l0h-python3.11-molecule-24.12.0-dist"
            }
          ],
          "store_path": "/nix/store/aiv2pj50xs5w2vcm75v0ikglqn7ag0wk-python3.11-molecule-24.12.0"
        },
        "x86_64-darwin": {
          "outputs": [
            {
              "name": "out",
              "path": "/nix/store/26shi7v6rsy6ln55mz23dz7l92jhbq7c-python3.11-molecule-24.12.0",
              "default": true
            },
            {
              "name": "dist",
              "path": "/nix/store/hx3gzr5ibndrqb4fjp3aggl20hhnabwx-python3.11-molecule-24.12.0-dist"
            }
          ],
          "store_path": "/nix/store/26shi7v6rsy6ln55mz23dz7l92jhbq7c-python3.11-molecule-24.12.0"
        },
        "x86_64-linux": {
          "outputs": [
            {
              "name": "out",
              "path": "/nix/store/788svbykcqrvg00nmdld1n0ap0qwx6yc-python3.11-molecule-24.12.0",
              "default": true
            },
            {
              "name": "dist",
              "path": "/nix/store/vlnkcvn5zhn1giwvwvi4wr386pl145wj-python3.11-molecule-24.12.0-dist"
            }
          ],
          "store_path": "/nix/store/788svbykcqrvg00nmdld1n0ap0qwx6yc-python3.11-molecule-24.12.0"
        }
      }
    },
    "python311Packages.netaddr@latest": {
      "last_modified": "2024-12-03T12:40:06Z",
      "resolved": "github:NixOS/nixpkgs/566e53c2ad750c84f6d31f9ccb9d00f823165550#python311Packages.netaddr",
      "source": "devbox-search",
      "version": "1.3.0",
      "systems": {
        "aarch64-darwin": {
          "outputs": [
            {
              "name": "out",
              "path": "/nix/store/57l5zjyi82mkn5b7jfricaj834ay68ld-python3.11-netaddr-1.3.0",
              "default": true
            },
            {
              "name": "dist",
              "path": "/nix/store/c41lvqbhf0gv6y62z84v2b6b9c3yqlry-python3.11-netaddr-1.3.0-dist"
            }
          ],
          "store_path": "/nix/store/57l5zjyi82mkn5b7jfricaj834ay68ld-python3.11-netaddr-1.3.0"
        },
        "aarch64-linux": {
          "outputs": [
            {
              "name": "out",
              "path": "/nix/store/jxxy5cdkkyqsnixz0pv7s96jwifvlg06-python3.11-netaddr-1.3.0",
              "default": true
            },
            {
              "name": "dist",
              "path": "/nix/store/fqigy0fg53aayzls0a11npgf0hf1nfrh-python3.11-netaddr-1.3.0-dist"
            }
          ],
          "store_path": "/nix/store/jxxy5cdkkyqsnixz0pv7s96jwifvlg06-python3.11-netaddr-1.3.0"
        },
        "x86_64-darwin": {
          "outputs": [
            {
              "name": "out",
              "path": "/nix/store/d2hinggj46gsi1crz5g761xqszsgj4xd-python3.11-netaddr-1.3.0",
              "default": true
            },
            {
              "name": "dist",
              "path": "/nix/store/k8vggmzzss9n6nkrr55sgj4iqq0bwr41-python3.11-netaddr-1.3.0-dist"
            }
          ],
          "store_path": "/nix/store/d2hinggj46gsi1crz5g761xqszsgj4xd-python3.11-netaddr-1.3.0"
        },
        "x86_64-linux": {
          "outputs": [
            {
              "name": "out",
              "path": "/nix/store/vk25ay30ql022vwkk710567pwv5ylpvn-python3.11-netaddr-1.3.0",
              "default": true
            },
            {
              "name": "dist",
              "path": "/nix/store/6mbajgmz79iw3n6kz1v6p617vx5kpw1k-python3.11-netaddr-1.3.0-dist"
            }
          ],
          "store_path": "/nix/store/vk25ay30ql022vwkk710567pwv5ylpvn-python3.11-netaddr-1.3.0"
        }
      }
    },
    "python311Packages.passlib@latest": {
      "last_modified": "2024-12-03T12:40:06Z",
      "resolved": "github:NixOS/nixpkgs/566e53c2ad750c84f6d31f9ccb9d00f823165550#python311Packages.passlib",
      "source": "devbox-search",
      "version": "1.7.4",
      "systems": {
        "aarch64-darwin": {
          "outputs": [
            {
              "name": "out",
              "path": "/nix/store/8iyf5ql5s4imk4ii9dm9jqy4fckhlgij-python3.11-passlib-1.7.4",
              "default": true
            },
            {
              "name": "dist",
              "path": "/nix/store/4ydxyzbi8cph6j0k68grgh2k5kw7siqg-python3.11-passlib-1.7.4-dist"
            }
          ],
          "store_path": "/nix/store/8iyf5ql5s4imk4ii9dm9jqy4fckhlgij-python3.11-passlib-1.7.4"
        },
        "aarch64-linux": {
          "outputs": [
            {
              "name": "out",
              "path": "/nix/store/dp7q80375x2byz5iwsyxkhvbpnjnms1r-python3.11-passlib-1.7.4",
              "default": true
            },
            {
              "name": "dist",
              "path": "/nix/store/ngzljk65ya6i0bpcbgj7nbl4bs62yikg-python3.11-passlib-1.7.4-dist"
            }
          ],
          "store_path": "/nix/store/dp7q80375x2byz5iwsyxkhvbpnjnms1r-python3.11-passlib-1.7.4"
        },
        "x86_64-darwin": {
          "outputs": [
            {
              "name": "out",
              "path": "/nix/store/rfwj42lrdvhbmc70mg4iwlqpar4g5jy9-python3.11-passlib-1.7.4",
              "default": true
            },
            {
              "name": "dist",
              "path": "/nix/store/cafapdmsrv23jawqllrhzjvizwgx7ys8-python3.11-passlib-1.7.4-dist"
            }
          ],
          "store_path": "/nix/store/rfwj42lrdvhbmc70mg4iwlqpar4g5jy9-python3.11-passlib-1.7.4"
        },
        "x86_64-linux": {
          "outputs": [
            {
              "name": "out",
              "path": "/nix/store/liwpds50kc91yknq6cllcjn25qjj653p-python3.11-passlib-1.7.4",
              "default": true
            },
            {
              "name": "dist",
              "path": "/nix/store/zidr89nhdz0rxw919b9qya46hj0s5rfw-python3.11-passlib-1.7.4-dist"
            }
          ],
          "store_path": "/nix/store/liwpds50kc91yknq6cllcjn25qjj653p-python3.11-passlib-1.7.4"
        }
      }
    },
    "python311Packages.xmltodict@latest": {
      "last_modified": "2024-12-03T12:40:06Z",
      "resolved": "github:NixOS/nixpkgs/566e53c2ad750c84f6d31f9ccb9d00f823165550#python311Packages.xmltodict",
      "source": "devbox-search",
      "version": "0.13.0",
      "systems": {
        "aarch64-darwin": {
          "outputs": [
            {
              "name": "out",
              "path": "/nix/store/c4kv7syvpjrcd5qiahwbmscls1k6s79z-python3.11-xmltodict-0.13.0",
              "default": true
            },
            {
              "name": "dist",
              "path": "/nix/store/kp5mingi36avq1335a66vljl7bw5bxn5-python3.11-xmltodict-0.13.0-dist"
            }
          ],
          "store_path": "/nix/store/c4kv7syvpjrcd5qiahwbmscls1k6s79z-python3.11-xmltodict-0.13.0"
        },
        "aarch64-linux": {
          "outputs": [
            {
              "name": "out",
              "path": "/nix/store/3j5ldjbw74iz2y7ji2a8qsy92qcng8ss-python3.11-xmltodict-0.13.0",
              "default": true
            },
            {
              "name": "dist",
              "path": "/nix/store/rfymw5xsrjxkzg6nmwc2rc4kp6rqgjam-python3.11-xmltodict-0.13.0-dist"
            }
          ],
          "store_path": "/nix/store/3j5ldjbw74iz2y7ji2a8qsy92qcng8ss-python3.11-xmltodict-0.13.0"
        },
        "x86_64-darwin": {
          "outputs": [
            {
              "name": "out",
              "path": "/nix/store/3g64wamlcp75vd47kfdr6lkh2gfi9nx7-python3.11-xmltodict-0.13.0",
              "default": true
            },
            {
              "name": "dist",
              "path": "/nix/store/4a8ydwl4mdd3mrgsph4a9w3nr2na644p-python3.11-xmltodict-0.13.0-dist"
            }
          ],
          "store_path": "/nix/store/3g64wamlcp75vd47kfdr6lkh2gfi9nx7-python3.11-xmltodict-0.13.0"
        },
        "x86_64-linux": {
          "outputs": [
            {
              "name": "out",
              "path": "/nix/store/az7sgib9xbz87anx5qj7mv9fvc0b2ac2-python3.11-xmltodict-0.13.0",
              "default": true
            },
            {
              "name": "dist",
              "path": "/nix/store/sy9w0hcbpdn7nh5ssb9cnkay82q5ahhk-python3.11-xmltodict-0.13.0-dist"
            }
          ],
          "store_path": "/nix/store/az7sgib9xbz87anx5qj7mv9fvc0b2ac2-python3.11-xmltodict-0.13.0"
        }
      }
    },
    "python311Packages.yamllint@latest": {
      "last_modified": "2024-12-03T12:40:06Z",
      "resolved": "github:NixOS/nixpkgs/566e53c2ad750c84f6d31f9ccb9d00f823165550#python311Packages.yamllint",
      "source": "devbox-search",
      "version": "1.35.1",
      "systems": {
        "aarch64-darwin": {
          "outputs": [
            {
              "name": "out",
              "path": "/nix/store/amxl2q57wyxvl8p3h2w27dd06snxkzrf-python3.11-yamllint-1.35.1",
              "default": true
            },
            {
              "name": "dist",
              "path": "/nix/store/cc2sihyx852sakkhgq30g5lhvcj1ijbh-python3.11-yamllint-1.35.1-dist"
            }
          ],
          "store_path": "/nix/store/amxl2q57wyxvl8p3h2w27dd06snxkzrf-python3.11-yamllint-1.35.1"
        },
        "aarch64-linux": {
          "outputs": [
            {
              "name": "out",
              "path": "/nix/store/7bbzjksjb78las9b625azf72q7zppwbb-python3.11-yamllint-1.35.1",
              "default": true
            },
            {
              "name": "dist",
              "path": "/nix/store/bj072l4y38ahm2sfwl0fsmpglwghl72x-python3.11-yamllint-1.35.1-dist"
            }
          ],
          "store_path": "/nix/store/7bbzjksjb78las9b625azf72q7zppwbb-python3.11-yamllint-1.35.1"
        },
        "x86_64-darwin": {
          "outputs": [
            {
              "name": "out",
              "path": "/nix/store/sccyh0sg3lhj0fqhmwvc6bdlyy19gfbf-python3.11-yamllint-1.35.1",
              "default": true
            },
            {
              "name": "dist",
              "path": "/nix/store/hq50ri8f6cd4rz3kls36ya3r7hs1jcmj-python3.11-yamllint-1.35.1-dist"
            }
          ],
          "store_path": "/nix/store/sccyh0sg3lhj0fqhmwvc6bdlyy19gfbf-python3.11-yamllint-1.35.1"
        },
        "x86_64-linux": {
          "outputs": [
            {
              "name": "out",
              "path": "/nix/store/k8x3r4vig8scn6g7f8wwc8d0lf3117kk-python3.11-yamllint-1.35.1",
              "default": true
            },
            {
              "name": "dist",
              "path": "/nix/store/lbb182xdif83nw7g3xc54g4kdran7097-python3.11-yamllint-1.35.1-dist"
            }
          ],
          "store_path": "/nix/store/k8x3r4vig8scn6g7f8wwc8d0lf3117kk-python3.11-yamllint-1.35.1"
        }
      }
    },
    "python@3.11.11": {
      "last_modified": "2025-04-17T05:47:26Z",
      "plugin_version": "0.0.4",
      "resolved": "github:NixOS/nixpkgs/ebe4301cbd8f81c4f8d3244b3632338bbeb6d49c#python311",
      "source": "devbox-search",
      "version": "3.11.11",
      "systems": {
        "aarch64-darwin": {
          "outputs": [
            {
              "name": "out",
              "path": "/nix/store/6z237c6z1b7prrb2g8dsaqd46f5h8nnl-python3-3.11.11",
              "default": true
            }
          ],
          "store_path": "/nix/store/6z237c6z1b7prrb2g8dsaqd46f5h8nnl-python3-3.11.11"
        },
        "aarch64-linux": {
          "outputs": [
            {
              "name": "out",
              "path": "/nix/store/slfbdsz7yk9pi02jb9y25kg0m360pvrj-python3-3.11.11",
              "default": true
            },
            {
              "name": "debug",
              "path": "/nix/store/pz0ginnmahapc7qkp014zhp31536fikq-python3-3.11.11-debug"
            }
          ],
          "store_path": "/nix/store/slfbdsz7yk9pi02jb9y25kg0m360pvrj-python3-3.11.11"
        },
        "x86_64-darwin": {
          "outputs": [
            {
              "name": "out",
              "path": "/nix/store/cdvm2j4ygvckkh1psbaj31nim06wz7jd-python3-3.11.11",
              "default": true
            }
          ],
          "store_path": "/nix/store/cdvm2j4ygvckkh1psbaj31nim06wz7jd-python3-3.11.11"
        },
        "x86_64-linux": {
          "outputs": [
            {
              "name": "out",
              "path": "/nix/store/ibz5rabb9z7hl5vy4w57q8dil5fqysjm-python3-3.11.11",
              "default": true
            },
            {
              "name": "debug",
              "path": "/nix/store/axc02yqbywq6wyl4x3dld8dpzjq68vpg-python3-3.11.11-debug"
            }
          ],
          "store_path": "/nix/store/ibz5rabb9z7hl5vy4w57q8dil5fqysjm-python3-3.11.11"
        }
      }
    },
    "xfsprogs@latest": {
      "last_modified": "2025-05-28T23:33:38Z",
      "resolved": "github:NixOS/nixpkgs/e80506de785dc48dcfbb636c443c5e2b0b5b2d7d#xfsprogs",
      "source": "devbox-search",
      "version": "6.13.0",
      "systems": {
        "aarch64-linux": {
          "outputs": [
            {
              "name": "bin",
              "path": "/nix/store/9k26xwb5a9nx5w74y9ndr85ik6ma32lz-xfsprogs-6.13.0-bin",
              "default": true
            },
            {
              "name": "dev",
              "path": "/nix/store/q5w3k3qgzz55kqbv19csk4lfz4yni8x0-xfsprogs-6.13.0-dev"
            },
            {
              "name": "doc",
              "path": "/nix/store/bdd9xqd7pxs6yklwc0hck6abz4rnlh3x-xfsprogs-6.13.0-doc"
            },
            {
              "name": "out",
              "path": "/nix/store/dq5a4vck5hckydaljg0pspknjbi24nxk-xfsprogs-6.13.0"
            }
          ],
          "store_path": "/nix/store/9k26xwb5a9nx5w74y9ndr85ik6ma32lz-xfsprogs-6.13.0-bin"
        },
        "x86_64-linux": {
          "outputs": [
            {
              "name": "bin",
              "path": "/nix/store/i2cwij6lpid3rjbgcjd9grjlgi12df4k-xfsprogs-6.13.0-bin",
              "default": true
            },
            {
              "name": "out",
              "path": "/nix/store/5cgz47djisig1mkcbm6m4lzlchkvrx9n-xfsprogs-6.13.0"
            },
            {
              "name": "dev",
              "path": "/nix/store/rpynqkgb5kkwq0n4qn6lsarnxw9l14h9-xfsprogs-6.13.0-dev"
            },
            {
              "name": "doc",
              "path": "/nix/store/h9ln5p1xwslp8pjkcv8ydcz11bvhasbk-xfsprogs-6.13.0-doc"
            }
          ],
          "store_path": "/nix/store/i2cwij6lpid3rjbgcjd9grjlgi12df4k-xfsprogs-6.13.0-bin"
        }
      }
    },
    "yq@latest": {
      "last_modified": "2025-05-16T20:19:48Z",
      "resolved": "github:NixOS/nixpkgs/12a55407652e04dcf2309436eb06fef0d3713ef3#yq",
      "source": "devbox-search",
      "version": "3.4.3",
      "systems": {
        "aarch64-darwin": {
          "outputs": [
            {
              "name": "out",
              "path": "/nix/store/b7fp4z37adfq52dwzx1y54kdb5p9nwgz-python3.12-yq-3.4.3",
              "default": true
            },
            {
              "name": "dist",
              "path": "/nix/store/42crvm80ipy8mc83d04wxrm2lzy9s9bn-python3.12-yq-3.4.3-dist"
            }
          ],
          "store_path": "/nix/store/b7fp4z37adfq52dwzx1y54kdb5p9nwgz-python3.12-yq-3.4.3"
        },
        "aarch64-linux": {
          "outputs": [
            {
              "name": "out",
              "path": "/nix/store/17rrqxkdxbpk40ywi71dli2mfkkdx8mi-python3.12-yq-3.4.3",
              "default": true
            },
            {
              "name": "dist",
              "path": "/nix/store/vxpj3wi7vd1bhkkla05fx74ldgmpj2i0-python3.12-yq-3.4.3-dist"
            }
          ],
          "store_path": "/nix/store/17rrqxkdxbpk40ywi71dli2mfkkdx8mi-python3.12-yq-3.4.3"
        },
        "x86_64-darwin": {
          "outputs": [
            {
              "name": "out",
              "path": "/nix/store/lramw8x70c0x4s1sh8jkiq330cizyms1-python3.12-yq-3.4.3",
              "default": true
            },
            {
              "name": "dist",
              "path": "/nix/store/13hx0mhglbvzc1ls57c71v710ch3k6w2-python3.12-yq-3.4.3-dist"
            }
          ],
          "store_path": "/nix/store/lramw8x70c0x4s1sh8jkiq330cizyms1-python3.12-yq-3.4.3"
        },
        "x86_64-linux": {
          "outputs": [
            {
              "name": "out",
              "path": "/nix/store/xlfkx6n87ny1394wdr8b4a9hxr4zmgy2-python3.12-yq-3.4.3",
              "default": true
            },
            {
              "name": "dist",
              "path": "/nix/store/ighhilnrbh7f9mv993281dva9pisvns4-python3.12-yq-3.4.3-dist"
            }
          ],
          "store_path": "/nix/store/xlfkx6n87ny1394wdr8b4a9hxr4zmgy2-python3.12-yq-3.4.3"
        }
      }
    }
  }
}
